// !$*UTF8*$!
{
	archiveVersion = 1;
	classes = {
	};
	objectVersion = 50;
	objects = {

/* Begin PBXBuildFile section */
		46A302E62271AC4F0026A8D5 /* CleanArchitectureComposition.framework in Frameworks */ = {isa = PBXBuildFile; fileRef = 46A302DC2271AC4F0026A8D5 /* CleanArchitectureComposition.framework */; };
		46A302F72271AC800026A8D5 /* LoginUseCase.swift in Sources */ = {isa = PBXBuildFile; fileRef = 46A302F62271AC800026A8D5 /* LoginUseCase.swift */; };
		46A302F92271AD3C0026A8D5 /* LoginPresenter.swift in Sources */ = {isa = PBXBuildFile; fileRef = 46A302F82271AD3C0026A8D5 /* LoginPresenter.swift */; };
		46A302FB2271ADE10026A8D5 /* CrashlyticsLoginTracker.swift in Sources */ = {isa = PBXBuildFile; fileRef = 46A302FA2271ADE10026A8D5 /* CrashlyticsLoginTracker.swift */; };
		46A302FD2271AE2E0026A8D5 /* FirebaseAnalyticsLoginTracker.swift in Sources */ = {isa = PBXBuildFile; fileRef = 46A302FC2271AE2E0026A8D5 /* FirebaseAnalyticsLoginTracker.swift */; };
		46A302FF2271BA5C0026A8D5 /* LoginUseCaseOutputComposerTests.swift in Sources */ = {isa = PBXBuildFile; fileRef = 46A302FE2271BA5C0026A8D5 /* LoginUseCaseOutputComposerTests.swift */; };
/* End PBXBuildFile section */

/* Begin PBXContainerItemProxy section */
		46A302E72271AC4F0026A8D5 /* PBXContainerItemProxy */ = {
			isa = PBXContainerItemProxy;
			containerPortal = 46A302D32271AC4F0026A8D5 /* Project object */;
			proxyType = 1;
			remoteGlobalIDString = 46A302DB2271AC4F0026A8D5;
			remoteInfo = CleanArchitectureComposition;
		};
/* End PBXContainerItemProxy section */

/* Begin PBXFileReference section */
		46A302DC2271AC4F0026A8D5 /* CleanArchitectureComposition.framework */ = {isa = PBXFileReference; explicitFileType = wrapper.framework; includeInIndex = 0; path = CleanArchitectureComposition.framework; sourceTree = BUILT_PRODUCTS_DIR; };
		46A302E02271AC4F0026A8D5 /* Info.plist */ = {isa = PBXFileReference; lastKnownFileType = text.plist.xml; path = Info.plist; sourceTree = "<group>"; };
		46A302E52271AC4F0026A8D5 /* CleanArchitectureCompositionTests.xctest */ = {isa = PBXFileReference; explicitFileType = wrapper.cfbundle; includeInIndex = 0; path = CleanArchitectureCompositionTests.xctest; sourceTree = BUILT_PRODUCTS_DIR; };
		46A302EC2271AC4F0026A8D5 /* Info.plist */ = {isa = PBXFileReference; lastKnownFileType = text.plist.xml; path = Info.plist; sourceTree = "<group>"; };
		46A302F62271AC800026A8D5 /* LoginUseCase.swift */ = {isa = PBXFileReference; lastKnownFileType = sourcecode.swift; path = LoginUseCase.swift; sourceTree = "<group>"; };
		46A302F82271AD3C0026A8D5 /* LoginPresenter.swift */ = {isa = PBXFileReference; lastKnownFileType = sourcecode.swift; path = LoginPresenter.swift; sourceTree = "<group>"; };
		46A302FA2271ADE10026A8D5 /* CrashlyticsLoginTracker.swift */ = {isa = PBXFileReference; lastKnownFileType = sourcecode.swift; path = CrashlyticsLoginTracker.swift; sourceTree = "<group>"; };
		46A302FC2271AE2E0026A8D5 /* FirebaseAnalyticsLoginTracker.swift */ = {isa = PBXFileReference; lastKnownFileType = sourcecode.swift; path = FirebaseAnalyticsLoginTracker.swift; sourceTree = "<group>"; };
		46A302FE2271BA5C0026A8D5 /* LoginUseCaseOutputComposerTests.swift */ = {isa = PBXFileReference; lastKnownFileType = sourcecode.swift; path = LoginUseCaseOutputComposerTests.swift; sourceTree = "<group>"; };
/* End PBXFileReference section */

/* Begin PBXFrameworksBuildPhase section */
		46A302D92271AC4F0026A8D5 /* Frameworks */ = {
			isa = PBXFrameworksBuildPhase;
			buildActionMask = 2147483647;
			files = (
			);
			runOnlyForDeploymentPostprocessing = 0;
		};
		46A302E22271AC4F0026A8D5 /* Frameworks */ = {
			isa = PBXFrameworksBuildPhase;
			buildActionMask = 2147483647;
			files = (
				46A302E62271AC4F0026A8D5 /* CleanArchitectureComposition.framework in Frameworks */,
			);
			runOnlyForDeploymentPostprocessing = 0;
		};
/* End PBXFrameworksBuildPhase section */

/* Begin PBXGroup section */
		46A302D22271AC4F0026A8D5 = {
			isa = PBXGroup;
			children = (
				46A302DE2271AC4F0026A8D5 /* CleanArchitectureComposition */,
				46A302E92271AC4F0026A8D5 /* CleanArchitectureCompositionTests */,
				46A302DD2271AC4F0026A8D5 /* Products */,
			);
			sourceTree = "<group>";
		};
		46A302DD2271AC4F0026A8D5 /* Products */ = {
			isa = PBXGroup;
			children = (
				46A302DC2271AC4F0026A8D5 /* CleanArchitectureComposition.framework */,
				46A302E52271AC4F0026A8D5 /* CleanArchitectureCompositionTests.xctest */,
			);
			name = Products;
			sourceTree = "<group>";
		};
		46A302DE2271AC4F0026A8D5 /* CleanArchitectureComposition */ = {
			isa = PBXGroup;
			children = (
				46A302E02271AC4F0026A8D5 /* Info.plist */,
				46A302F62271AC800026A8D5 /* LoginUseCase.swift */,
				46A302F82271AD3C0026A8D5 /* LoginPresenter.swift */,
				46A302FA2271ADE10026A8D5 /* CrashlyticsLoginTracker.swift */,
				46A302FC2271AE2E0026A8D5 /* FirebaseAnalyticsLoginTracker.swift */,
			);
			path = CleanArchitectureComposition;
			sourceTree = "<group>";
		};
		46A302E92271AC4F0026A8D5 /* CleanArchitectureCompositionTests */ = {
			isa = PBXGroup;
			children = (
				46A302EC2271AC4F0026A8D5 /* Info.plist */,
				46A302FE2271BA5C0026A8D5 /* LoginUseCaseOutputComposerTests.swift */,
			);
			path = CleanArchitectureCompositionTests;
			sourceTree = "<group>";
		};
/* End PBXGroup section */

/* Begin PBXHeadersBuildPhase section */
		46A302D72271AC4F0026A8D5 /* Headers */ = {
			isa = PBXHeadersBuildPhase;
			buildActionMask = 2147483647;
			files = (
			);
			runOnlyForDeploymentPostprocessing = 0;
		};
/* End PBXHeadersBuildPhase section */

/* Begin PBXNativeTarget section */
		46A302DB2271AC4F0026A8D5 /* CleanArchitectureComposition */ = {
			isa = PBXNativeTarget;
			buildConfigurationList = 46A302F02271AC4F0026A8D5 /* Build configuration list for PBXNativeTarget "CleanArchitectureComposition" */;
			buildPhases = (
				46A302D72271AC4F0026A8D5 /* Headers */,
				46A302D82271AC4F0026A8D5 /* Sources */,
				46A302D92271AC4F0026A8D5 /* Frameworks */,
				46A302DA2271AC4F0026A8D5 /* Resources */,
			);
			buildRules = (
			);
			dependencies = (
			);
			name = CleanArchitectureComposition;
			productName = CleanArchitectureComposition;
			productReference = 46A302DC2271AC4F0026A8D5 /* CleanArchitectureComposition.framework */;
			productType = "com.apple.product-type.framework";
		};
		46A302E42271AC4F0026A8D5 /* CleanArchitectureCompositionTests */ = {
			isa = PBXNativeTarget;
			buildConfigurationList = 46A302F32271AC4F0026A8D5 /* Build configuration list for PBXNativeTarget "CleanArchitectureCompositionTests" */;
			buildPhases = (
				46A302E12271AC4F0026A8D5 /* Sources */,
				46A302E22271AC4F0026A8D5 /* Frameworks */,
				46A302E32271AC4F0026A8D5 /* Resources */,
			);
			buildRules = (
			);
			dependencies = (
				46A302E82271AC4F0026A8D5 /* PBXTargetDependency */,
			);
			name = CleanArchitectureCompositionTests;
			productName = CleanArchitectureCompositionTests;
			productReference = 46A302E52271AC4F0026A8D5 /* CleanArchitectureCompositionTests.xctest */;
			productType = "com.apple.product-type.bundle.unit-test";
		};
/* End PBXNativeTarget section */

/* Begin PBXProject section */
		46A302D32271AC4F0026A8D5 /* Project object */ = {
			isa = PBXProject;
			attributes = {
				LastSwiftUpdateCheck = 1010;
				LastUpgradeCheck = 1010;
				ORGANIZATIONNAME = "Christophe Bugnon";
				TargetAttributes = {
					46A302DB2271AC4F0026A8D5 = {
						CreatedOnToolsVersion = 10.1;
						LastSwiftMigration = 1010;
					};
					46A302E42271AC4F0026A8D5 = {
						CreatedOnToolsVersion = 10.1;
						LastSwiftMigration = 1010;
					};
				};
			};
			buildConfigurationList = 46A302D62271AC4F0026A8D5 /* Build configuration list for PBXProject "CleanArchitectureComposition" */;
			compatibilityVersion = "Xcode 9.3";
			developmentRegion = en;
			hasScannedForEncodings = 0;
			knownRegions = (
				en,
			);
			mainGroup = 46A302D22271AC4F0026A8D5;
			productRefGroup = 46A302DD2271AC4F0026A8D5 /* Products */;
			projectDirPath = "";
			projectRoot = "";
			targets = (
				46A302DB2271AC4F0026A8D5 /* CleanArchitectureComposition */,
				46A302E42271AC4F0026A8D5 /* CleanArchitectureCompositionTests */,
			);
		};
/* End PBXProject section */

/* Begin PBXResourcesBuildPhase section */
		46A302DA2271AC4F0026A8D5 /* Resources */ = {
			isa = PBXResourcesBuildPhase;
			buildActionMask = 2147483647;
			files = (
			);
			runOnlyForDeploymentPostprocessing = 0;
		};
		46A302E32271AC4F0026A8D5 /* Resources */ = {
			isa = PBXResourcesBuildPhase;
			buildActionMask = 2147483647;
			files = (
			);
			runOnlyForDeploymentPostprocessing = 0;
		};
/* End PBXResourcesBuildPhase section */

/* Begin PBXSourcesBuildPhase section */
		46A302D82271AC4F0026A8D5 /* Sources */ = {
			isa = PBXSourcesBuildPhase;
			buildActionMask = 2147483647;
			files = (
				46A302FD2271AE2E0026A8D5 /* FirebaseAnalyticsLoginTracker.swift in Sources */,
				46A302F92271AD3C0026A8D5 /* LoginPresenter.swift in Sources */,
				46A302F72271AC800026A8D5 /* LoginUseCase.swift in Sources */,
				46A302FB2271ADE10026A8D5 /* CrashlyticsLoginTracker.swift in Sources */,
			);
			runOnlyForDeploymentPostprocessing = 0;
		};
		46A302E12271AC4F0026A8D5 /* Sources */ = {
			isa = PBXSourcesBuildPhase;
			buildActionMask = 2147483647;
			files = (
				46A302FF2271BA5C0026A8D5 /* LoginUseCaseOutputComposerTests.swift in Sources */,
			);
			runOnlyForDeploymentPostprocessing = 0;
		};
/* End PBXSourcesBuildPhase section */

/* Begin PBXTargetDependency section */
		46A302E82271AC4F0026A8D5 /* PBXTargetDependency */ = {
			isa = PBXTargetDependency;
			target = 46A302DB2271AC4F0026A8D5 /* CleanArchitectureComposition */;
			targetProxy = 46A302E72271AC4F0026A8D5 /* PBXContainerItemProxy */;
		};
/* End PBXTargetDependency section */

/* Begin XCBuildConfiguration section */
		46A302EE2271AC4F0026A8D5 /* Debug */ = {
			isa = XCBuildConfiguration;
			buildSettings = {
				ALWAYS_SEARCH_USER_PATHS = NO;
				CLANG_ANALYZER_NONNULL = YES;
				CLANG_ANALYZER_NUMBER_OBJECT_CONVERSION = YES_AGGRESSIVE;
				CLANG_CXX_LANGUAGE_STANDARD = "gnu++14";
				CLANG_CXX_LIBRARY = "libc++";
				CLANG_ENABLE_MODULES = YES;
				CLANG_ENABLE_OBJC_ARC = YES;
				CLANG_ENABLE_OBJC_WEAK = YES;
				CLANG_WARN_BLOCK_CAPTURE_AUTORELEASING = YES;
				CLANG_WARN_BOOL_CONVERSION = YES;
				CLANG_WARN_COMMA = YES;
				CLANG_WARN_CONSTANT_CONVERSION = YES;
				CLANG_WARN_DEPRECATED_OBJC_IMPLEMENTATIONS = YES;
				CLANG_WARN_DIRECT_OBJC_ISA_USAGE = YES_ERROR;
				CLANG_WARN_DOCUMENTATION_COMMENTS = YES;
				CLANG_WARN_EMPTY_BODY = YES;
				CLANG_WARN_ENUM_CONVERSION = YES;
				CLANG_WARN_INFINITE_RECURSION = YES;
				CLANG_WARN_INT_CONVERSION = YES;
				CLANG_WARN_NON_LITERAL_NULL_CONVERSION = YES;
				CLANG_WARN_OBJC_IMPLICIT_RETAIN_SELF = YES;
				CLANG_WARN_OBJC_LITERAL_CONVERSION = YES;
				CLANG_WARN_OBJC_ROOT_CLASS = YES_ERROR;
				CLANG_WARN_RANGE_LOOP_ANALYSIS = YES;
				CLANG_WARN_STRICT_PROTOTYPES = YES;
				CLANG_WARN_SUSPICIOUS_MOVE = YES;
				CLANG_WARN_UNGUARDED_AVAILABILITY = YES_AGGRESSIVE;
				CLANG_WARN_UNREACHABLE_CODE = YES;
				CLANG_WARN__DUPLICATE_METHOD_MATCH = YES;
				CODE_SIGN_IDENTITY = "Mac Developer";
				COPY_PHASE_STRIP = NO;
				CURRENT_PROJECT_VERSION = 1;
				DEBUG_INFORMATION_FORMAT = dwarf;
				ENABLE_STRICT_OBJC_MSGSEND = YES;
				ENABLE_TESTABILITY = YES;
				GCC_C_LANGUAGE_STANDARD = gnu11;
				GCC_DYNAMIC_NO_PIC = NO;
				GCC_NO_COMMON_BLOCKS = YES;
				GCC_OPTIMIZATION_LEVEL = 0;
				GCC_PREPROCESSOR_DEFINITIONS = (
					"DEBUG=1",
					"$(inherited)",
				);
				GCC_WARN_64_TO_32_BIT_CONVERSION = YES;
				GCC_WARN_ABOUT_RETURN_TYPE = YES_ERROR;
				GCC_WARN_UNDECLARED_SELECTOR = YES;
				GCC_WARN_UNINITIALIZED_AUTOS = YES_AGGRESSIVE;
				GCC_WARN_UNUSED_FUNCTION = YES;
				GCC_WARN_UNUSED_VARIABLE = YES;
				MACOSX_DEPLOYMENT_TARGET = 10.14;
				MTL_ENABLE_DEBUG_INFO = INCLUDE_SOURCE;
				MTL_FAST_MATH = YES;
				ONLY_ACTIVE_ARCH = YES;
				SDKROOT = macosx;
				SWIFT_ACTIVE_COMPILATION_CONDITIONS = DEBUG;
				SWIFT_OPTIMIZATION_LEVEL = "-Onone";
				VERSIONING_SYSTEM = "apple-generic";
				VERSION_INFO_PREFIX = "";
			};
			name = Debug;
		};
		46A302EF2271AC4F0026A8D5 /* Release */ = {
			isa = XCBuildConfiguration;
			buildSettings = {
				ALWAYS_SEARCH_USER_PATHS = NO;
				CLANG_ANALYZER_NONNULL = YES;
				CLANG_ANALYZER_NUMBER_OBJECT_CONVERSION = YES_AGGRESSIVE;
				CLANG_CXX_LANGUAGE_STANDARD = "gnu++14";
				CLANG_CXX_LIBRARY = "libc++";
				CLANG_ENABLE_MODULES = YES;
				CLANG_ENABLE_OBJC_ARC = YES;
				CLANG_ENABLE_OBJC_WEAK = YES;
				CLANG_WARN_BLOCK_CAPTURE_AUTORELEASING = YES;
				CLANG_WARN_BOOL_CONVERSION = YES;
				CLANG_WARN_COMMA = YES;
				CLANG_WARN_CONSTANT_CONVERSION = YES;
				CLANG_WARN_DEPRECATED_OBJC_IMPLEMENTATIONS = YES;
				CLANG_WARN_DIRECT_OBJC_ISA_USAGE = YES_ERROR;
				CLANG_WARN_DOCUMENTATION_COMMENTS = YES;
				CLANG_WARN_EMPTY_BODY = YES;
				CLANG_WARN_ENUM_CONVERSION = YES;
				CLANG_WARN_INFINITE_RECURSION = YES;
				CLANG_WARN_INT_CONVERSION = YES;
				CLANG_WARN_NON_LITERAL_NULL_CONVERSION = YES;
				CLANG_WARN_OBJC_IMPLICIT_RETAIN_SELF = YES;
				CLANG_WARN_OBJC_LITERAL_CONVERSION = YES;
				CLANG_WARN_OBJC_ROOT_CLASS = YES_ERROR;
				CLANG_WARN_RANGE_LOOP_ANALYSIS = YES;
				CLANG_WARN_STRICT_PROTOTYPES = YES;
				CLANG_WARN_SUSPICIOUS_MOVE = YES;
				CLANG_WARN_UNGUARDED_AVAILABILITY = YES_AGGRESSIVE;
				CLANG_WARN_UNREACHABLE_CODE = YES;
				CLANG_WARN__DUPLICATE_METHOD_MATCH = YES;
				CODE_SIGN_IDENTITY = "Mac Developer";
				COPY_PHASE_STRIP = NO;
				CURRENT_PROJECT_VERSION = 1;
				DEBUG_INFORMATION_FORMAT = "dwarf-with-dsym";
				ENABLE_NS_ASSERTIONS = NO;
				ENABLE_STRICT_OBJC_MSGSEND = YES;
				GCC_C_LANGUAGE_STANDARD = gnu11;
				GCC_NO_COMMON_BLOCKS = YES;
				GCC_WARN_64_TO_32_BIT_CONVERSION = YES;
				GCC_WARN_ABOUT_RETURN_TYPE = YES_ERROR;
				GCC_WARN_UNDECLARED_SELECTOR = YES;
				GCC_WARN_UNINITIALIZED_AUTOS = YES_AGGRESSIVE;
				GCC_WARN_UNUSED_FUNCTION = YES;
				GCC_WARN_UNUSED_VARIABLE = YES;
				MACOSX_DEPLOYMENT_TARGET = 10.14;
				MTL_ENABLE_DEBUG_INFO = NO;
				MTL_FAST_MATH = YES;
				SDKROOT = macosx;
				SWIFT_COMPILATION_MODE = wholemodule;
				SWIFT_OPTIMIZATION_LEVEL = "-O";
				VERSIONING_SYSTEM = "apple-generic";
				VERSION_INFO_PREFIX = "";
			};
			name = Release;
		};
		46A302F12271AC4F0026A8D5 /* Debug */ = {
			isa = XCBuildConfiguration;
			buildSettings = {
				CLANG_ENABLE_MODULES = YES;
				CODE_SIGN_IDENTITY = "";
				CODE_SIGN_STYLE = Automatic;
				COMBINE_HIDPI_IMAGES = YES;
				DEFINES_MODULE = YES;
				DEVELOPMENT_TEAM = 78BZCUCGN3;
				DYLIB_COMPATIBILITY_VERSION = 1;
				DYLIB_CURRENT_VERSION = 1;
				DYLIB_INSTALL_NAME_BASE = "@rpath";
				FRAMEWORK_VERSION = A;
				INFOPLIST_FILE = CleanArchitectureComposition/Info.plist;
				INSTALL_PATH = "$(LOCAL_LIBRARY_DIR)/Frameworks";
				LD_RUNPATH_SEARCH_PATHS = (
					"$(inherited)",
					"@executable_path/../Frameworks",
					"@loader_path/Frameworks",
				);
				PRODUCT_BUNDLE_IDENTIFIER = com.christophebugnon.CleanArchitectureComposition;
				PRODUCT_NAME = "$(TARGET_NAME:c99extidentifier)";
				SKIP_INSTALL = YES;
				SWIFT_OPTIMIZATION_LEVEL = "-Onone";
				SWIFT_VERSION = 4.2;
			};
			name = Debug;
		};
		46A302F22271AC4F0026A8D5 /* Release */ = {
			isa = XCBuildConfiguration;
			buildSettings = {
				CLANG_ENABLE_MODULES = YES;
				CODE_SIGN_IDENTITY = "";
				CODE_SIGN_STYLE = Automatic;
				COMBINE_HIDPI_IMAGES = YES;
				DEFINES_MODULE = YES;
				DEVELOPMENT_TEAM = 78BZCUCGN3;
				DYLIB_COMPATIBILITY_VERSION = 1;
				DYLIB_CURRENT_VERSION = 1;
				DYLIB_INSTALL_NAME_BASE = "@rpath";
				FRAMEWORK_VERSION = A;
				INFOPLIST_FILE = CleanArchitectureComposition/Info.plist;
				INSTALL_PATH = "$(LOCAL_LIBRARY_DIR)/Frameworks";
				LD_RUNPATH_SEARCH_PATHS = (
					"$(inherited)",
					"@executable_path/../Frameworks",
					"@loader_path/Frameworks",
				);
				PRODUCT_BUNDLE_IDENTIFIER = com.christophebugnon.CleanArchitectureComposition;
				PRODUCT_NAME = "$(TARGET_NAME:c99extidentifier)";
				SKIP_INSTALL = YES;
				SWIFT_VERSION = 4.2;
			};
			name = Release;
		};
		46A302F42271AC4F0026A8D5 /* Debug */ = {
			isa = XCBuildConfiguration;
			buildSettings = {
				ALWAYS_EMBED_SWIFT_STANDARD_LIBRARIES = YES;
				CLANG_ENABLE_MODULES = YES;
				CODE_SIGN_STYLE = Automatic;
				COMBINE_HIDPI_IMAGES = YES;
				DEVELOPMENT_TEAM = 78BZCUCGN3;
				INFOPLIST_FILE = CleanArchitectureCompositionTests/Info.plist;
				LD_RUNPATH_SEARCH_PATHS = (
					"$(inherited)",
					"@executable_path/../Frameworks",
					"@loader_path/../Frameworks",
				);
				PRODUCT_BUNDLE_IDENTIFIER = com.christophebugnon.CleanArchitectureCompositionTests;
				PRODUCT_NAME = "$(TARGET_NAME)";
				SWIFT_OPTIMIZATION_LEVEL = "-Onone";
				SWIFT_VERSION = 4.2;
			};
			name = Debug;
		};
		46A302F52271AC4F0026A8D5 /* Release */ = {
			isa = XCBuildConfiguration;
			buildSettings = {
				ALWAYS_EMBED_SWIFT_STANDARD_LIBRARIES = YES;
				CLANG_ENABLE_MODULES = YES;
				CODE_SIGN_STYLE = Automatic;
				COMBINE_HIDPI_IMAGES = YES;
				DEVELOPMENT_TEAM = 78BZCUCGN3;
				INFOPLIST_FILE = CleanArchitectureCompositionTests/Info.plist;
				LD_RUNPATH_SEARCH_PATHS = (
					"$(inherited)",
					"@executable_path/../Frameworks",
					"@loader_path/../Frameworks",
				);
				PRODUCT_BUNDLE_IDENTIFIER = com.christophebugnon.CleanArchitectureCompositionTests;
				PRODUCT_NAME = "$(TARGET_NAME)";
				SWIFT_VERSION = 4.2;
			};
			name = Release;
		};
/* End XCBuildConfiguration section */

/* Begin XCConfigurationList section */
		46A302D62271AC4F0026A8D5 /* Build configuration list for PBXProject "CleanArchitectureComposition" */ = {
			isa = XCConfigurationList;
			buildConfigurations = (
				46A302EE2271AC4F0026A8D5 /* Debug */,
				46A302EF2271AC4F0026A8D5 /* Release */,
			);
			defaultConfigurationIsVisible = 0;
			defaultConfigurationName = Release;
		};
		46A302F02271AC4F0026A8D5 /* Build configuration list for PBXNativeTarget "CleanArchitectureComposition" */ = {
			isa = XCConfigurationList;
			buildConfigurations = (
				46A302F12271AC4F0026A8D5 /* Debug */,
				46A302F22271AC4F0026A8D5 /* Release */,
			);
			defaultConfigurationIsVisible = 0;
			defaultConfigurationName = Release;
		};
		46A302F32271AC4F0026A8D5 /* Build configuration list for PBXNativeTarget "CleanArchitectureCompositionTests" */ = {
			isa = XCConfigurationList;
			buildConfigurations = (
				46A302F42271AC4F0026A8D5 /* Debug */,
				46A302F52271AC4F0026A8D5 /* Release */,
			);
			defaultConfigurationIsVisible = 0;
			defaultConfigurationName = Release;
		};
/* End XCConfigurationList section */
	};
	rootObject = 46A302D32271AC4F0026A8D5 /* Project object */;
}
